
Microsoft Visual Studio Solution File, Format Version 12.00
# Visual Studio 15
VisualStudioVersion = 15.0.28010.2026
MinimumVisualStudioVersion = 10.0.40219.1
Project("{9A19103F-16F7-4668-BE54-9A1E7A4F7556}") = "CNEI", "CNEI.csproj", "{0CF9D93F-A4F7-450F-9715-817F2B1DA716}"
EndProject
Project("{9A19103F-16F7-4668-BE54-9A1E7A4F7556}") = "AtomicTorch.CBND.CoreMod", "..\..\..\Core\Core.cpk\AtomicTorch.CBND.CoreMod.csproj", "{C357507A-70FC-4947-B55E-E7AFEDC575DB}"
EndProject
Global
	GlobalSection(SolutionConfigurationPlatforms) = preSolution
		Debug|Any CPU = Debug|Any CPU
		Release|Any CPU = Release|Any CPU
	EndGlobalSection
	GlobalSection(ProjectConfigurationPlatforms) = postSolution
		{0CF9D93F-A4F7-450F-9715-817F2B1DA716}.Debug|Any CPU.ActiveCfg = Debug|Any CPU
		{0CF9D93F-A4F7-450F-9715-817F2B1DA716}.Debug|Any CPU.Build.0 = Debug|Any CPU
		{0CF9D93F-A4F7-450F-9715-817F2B1DA716}.Release|Any CPU.ActiveCfg = Release|Any CPU
		{0CF9D93F-A4F7-450F-9715-817F2B1DA716}.Release|Any CPU.Build.0 = Release|Any CPU
		{C357507A-70FC-4947-B55E-E7AFEDC575DB}.Debug|Any CPU.ActiveCfg = Debug|Any CPU
		{C357507A-70FC-4947-B55E-E7AFEDC575DB}.Debug|Any CPU.Build.0 = Debug|Any CPU
		{C357507A-70FC-4947-B55E-E7AFEDC575DB}.Release|Any CPU.ActiveCfg = Release|Any CPU
		{C357507A-70FC-4947-B55E-E7AFEDC575DB}.Release|Any CPU.Build.0 = Release|Any CPU
	EndGlobalSection
	GlobalSection(SolutionProperties) = preSolution
		HideSolutionNode = FALSE
	EndGlobalSection
	GlobalSection(ExtensibilityGlobals) = postSolution
		SolutionGuid = {8ECDB7BC-F39E-4F5B-A325-B09307BACC5C}
	EndGlobalSection
EndGlobal
